
Microsoft Visual Studio Solution File, Format Version 12.00
Project("{FAE04EC0-301F-11D3-BF4B-00C04F79EFBC}") = "Benchmarks", "Benchmarks\Benchmarks.csproj", "{7E6D8F2F-AB12-4607-B955-904E021EE729}"
EndProject
Project("{FAE04EC0-301F-11D3-BF4B-00C04F79EFBC}") = "WebApi", "WebApi\WebApi.csproj", "{DA307AC1-1801-499B-A3A6-47BE22C53BDB}"
EndProject
Project("{FAE04EC0-301F-11D3-BF4B-00C04F79EFBC}") = "WebApi.Tests", "WebApi.Tests\WebApi.Tests.csproj", "{57BD2784-75EB-4DAB-9331-DEBE34F7584A}"
EndProject
Project("{FAE04EC0-301F-11D3-BF4B-00C04F79EFBC}") = "WebApi.PerformanceTest", "WebApi.PerformanceTest\WebApi.PerformanceTest.csproj", "{DAEC329D-8A1B-4D3D-B1B7-BEA639D4D9CC}"
EndProject
Global
	GlobalSection(SolutionConfigurationPlatforms) = preSolution
		Debug|Any CPU = Debug|Any CPU
		Debug|x64 = Debug|x64
		Debug|x86 = Debug|x86
		Release|Any CPU = Release|Any CPU
		Release|x64 = Release|x64
		Release|x86 = Release|x86
	EndGlobalSection
	GlobalSection(ProjectConfigurationPlatforms) = postSolution
		{7E6D8F2F-AB12-4607-B955-904E021EE729}.Debug|Any CPU.ActiveCfg = Debug|Any CPU
		{7E6D8F2F-AB12-4607-B955-904E021EE729}.Debug|Any CPU.Build.0 = Debug|Any CPU
		{7E6D8F2F-AB12-4607-B955-904E021EE729}.Debug|x64.ActiveCfg = Debug|Any CPU
		{7E6D8F2F-AB12-4607-B955-904E021EE729}.Debug|x64.Build.0 = Debug|Any CPU
		{7E6D8F2F-AB12-4607-B955-904E021EE729}.Debug|x86.ActiveCfg = Debug|Any CPU
		{7E6D8F2F-AB12-4607-B955-904E021EE729}.Debug|x86.Build.0 = Debug|Any CPU
		{7E6D8F2F-AB12-4607-B955-904E021EE729}.Release|Any CPU.ActiveCfg = Release|Any CPU
		{7E6D8F2F-AB12-4607-B955-904E021EE729}.Release|Any CPU.Build.0 = Release|Any CPU
		{7E6D8F2F-AB12-4607-B955-904E021EE729}.Release|x64.ActiveCfg = Release|Any CPU
		{7E6D8F2F-AB12-4607-B955-904E021EE729}.Release|x64.Build.0 = Release|Any CPU
		{7E6D8F2F-AB12-4607-B955-904E021EE729}.Release|x86.ActiveCfg = Release|Any CPU
		{7E6D8F2F-AB12-4607-B955-904E021EE729}.Release|x86.Build.0 = Release|Any CPU
		{DA307AC1-1801-499B-A3A6-47BE22C53BDB}.Debug|Any CPU.ActiveCfg = Debug|Any CPU
		{DA307AC1-1801-499B-A3A6-47BE22C53BDB}.Debug|Any CPU.Build.0 = Debug|Any CPU
		{DA307AC1-1801-499B-A3A6-47BE22C53BDB}.Debug|x64.ActiveCfg = Debug|Any CPU
		{DA307AC1-1801-499B-A3A6-47BE22C53BDB}.Debug|x64.Build.0 = Debug|Any CPU
		{DA307AC1-1801-499B-A3A6-47BE22C53BDB}.Debug|x86.ActiveCfg = Debug|Any CPU
		{DA307AC1-1801-499B-A3A6-47BE22C53BDB}.Debug|x86.Build.0 = Debug|Any CPU
		{DA307AC1-1801-499B-A3A6-47BE22C53BDB}.Release|Any CPU.ActiveCfg = Release|Any CPU
		{DA307AC1-1801-499B-A3A6-47BE22C53BDB}.Release|Any CPU.Build.0 = Release|Any CPU
		{DA307AC1-1801-499B-A3A6-47BE22C53BDB}.Release|x64.ActiveCfg = Release|Any CPU
		{DA307AC1-1801-499B-A3A6-47BE22C53BDB}.Release|x64.Build.0 = Release|Any CPU
		{DA307AC1-1801-499B-A3A6-47BE22C53BDB}.Release|x86.ActiveCfg = Release|Any CPU
		{DA307AC1-1801-499B-A3A6-47BE22C53BDB}.Release|x86.Build.0 = Release|Any CPU
		{57BD2784-75EB-4DAB-9331-DEBE34F7584A}.Debug|Any CPU.ActiveCfg = Debug|Any CPU
		{57BD2784-75EB-4DAB-9331-DEBE34F7584A}.Debug|Any CPU.Build.0 = Debug|Any CPU
		{57BD2784-75EB-4DAB-9331-DEBE34F7584A}.Debug|x64.ActiveCfg = Debug|Any CPU
		{57BD2784-75EB-4DAB-9331-DEBE34F7584A}.Debug|x64.Build.0 = Debug|Any CPU
		{57BD2784-75EB-4DAB-9331-DEBE34F7584A}.Debug|x86.ActiveCfg = Debug|Any CPU
		{57BD2784-75EB-4DAB-9331-DEBE34F7584A}.Debug|x86.Build.0 = Debug|Any CPU
		{57BD2784-75EB-4DAB-9331-DEBE34F7584A}.Release|Any CPU.ActiveCfg = Release|Any CPU
		{57BD2784-75EB-4DAB-9331-DEBE34F7584A}.Release|Any CPU.Build.0 = Release|Any CPU
		{57BD2784-75EB-4DAB-9331-DEBE34F7584A}.Release|x64.ActiveCfg = Release|Any CPU
		{57BD2784-75EB-4DAB-9331-DEBE34F7584A}.Release|x64.Build.0 = Release|Any CPU
		{57BD2784-75EB-4DAB-9331-DEBE34F7584A}.Release|x86.ActiveCfg = Release|Any CPU
		{57BD2784-75EB-4DAB-9331-DEBE34F7584A}.Release|x86.Build.0 = Release|Any CPU
		{DAEC329D-8A1B-4D3D-B1B7-BEA639D4D9CC}.Debug|Any CPU.ActiveCfg = Debug|Any CPU
		{DAEC329D-8A1B-4D3D-B1B7-BEA639D4D9CC}.Debug|Any CPU.Build.0 = Debug|Any CPU
		{DAEC329D-8A1B-4D3D-B1B7-BEA639D4D9CC}.Debug|x64.ActiveCfg = Debug|Any CPU
		{DAEC329D-8A1B-4D3D-B1B7-BEA639D4D9CC}.Debug|x64.Build.0 = Debug|Any CPU
		{DAEC329D-8A1B-4D3D-B1B7-BEA639D4D9CC}.Debug|x86.ActiveCfg = Debug|Any CPU
		{DAEC329D-8A1B-4D3D-B1B7-BEA639D4D9CC}.Debug|x86.Build.0 = Debug|Any CPU
		{DAEC329D-8A1B-4D3D-B1B7-BEA639D4D9CC}.Release|Any CPU.ActiveCfg = Release|Any CPU
		{DAEC329D-8A1B-4D3D-B1B7-BEA639D4D9CC}.Release|Any CPU.Build.0 = Release|Any CPU
		{DAEC329D-8A1B-4D3D-B1B7-BEA639D4D9CC}.Release|x64.ActiveCfg = Release|Any CPU
		{DAEC329D-8A1B-4D3D-B1B7-BEA639D4D9CC}.Release|x64.Build.0 = Release|Any CPU
		{DAEC329D-8A1B-4D3D-B1B7-BEA639D4D9CC}.Release|x86.ActiveCfg = Release|Any CPU
		{DAEC329D-8A1B-4D3D-B1B7-BEA639D4D9CC}.Release|x86.Build.0 = Release|Any CPU
	EndGlobalSection
	GlobalSection(SolutionProperties) = preSolution
		HideSolutionNode = FALSE
	EndGlobalSection
EndGlobal
